// !$*UTF8*$!
{
	archiveVersion = 1;
	classes = {
	};
	objectVersion = 45;
	objects = {

/* Begin PBXBuildFile section */
		1D3623260D0F684500981E51 /* memCheckAppDelegate.m in Sources */ = {isa = PBXBuildFile; fileRef = 1D3623250D0F684500981E51 /* memCheckAppDelegate.m */; };
		1D60589B0D05DD56006BFB54 /* main.m in Sources */ = {isa = PBXBuildFile; fileRef = 29B97316FDCFA39411CA2CEA /* main.m */; };
		1D60589F0D05DD5A006BFB54 /* Foundation.framework in Frameworks */ = {isa = PBXBuildFile; fileRef = 1D30AB110D05D00D00671497 /* Foundation.framework */; };
		1DF5F4E00D08C38300B7A737 /* UIKit.framework in Frameworks */ = {isa = PBXBuildFile; fileRef = 1DF5F4DF0D08C38300B7A737 /* UIKit.framework */; };
		288765A50DF7441C002DB57D /* CoreGraphics.framework in Frameworks */ = {isa = PBXBuildFile; fileRef = 288765A40DF7441C002DB57D /* CoreGraphics.framework */; };
		2899E5220DE3E06400AC0155 /* memCheckViewController.xib in Resources */ = {isa = PBXBuildFile; fileRef = 2899E5210DE3E06400AC0155 /* memCheckViewController.xib */; };
		28AD733F0D9D9553002E5188 /* MainWindow.xib in Resources */ = {isa = PBXBuildFile; fileRef = 28AD733E0D9D9553002E5188 /* MainWindow.xib */; };
		28D7ACF80DDB3853001CB0EB /* memCheckViewController.m in Sources */ = {isa = PBXBuildFile; fileRef = 28D7ACF70DDB3853001CB0EB /* memCheckViewController.m */; };
		D633E60B14684DDC00117B27 /* NSMemFilterHeap.m in Sources */ = {isa = PBXBuildFile; fileRef = D633E5DC14684DDC00117B27 /* NSMemFilterHeap.m */; };
		D633E60C14684DDC00117B27 /* NSMemFilterWithLiveOwners.m in Sources */ = {isa = PBXBuildFile; fileRef = D633E5DE14684DDC00117B27 /* NSMemFilterWithLiveOwners.m */; };
		D633E60D14684DDC00117B27 /* NSMemFilterWithout.m in Sources */ = {isa = PBXBuildFile; fileRef = D633E5E014684DDC00117B27 /* NSMemFilterWithout.m */; };
		D633E60E14684DDC00117B27 /* NSMemFilterWithoutLiveOwners.m in Sources */ = {isa = PBXBuildFile; fileRef = D633E5E214684DDC00117B27 /* NSMemFilterWithoutLiveOwners.m */; };
		D633E60F14684DDC00117B27 /* NSMemFilterWithoutOwners.m in Sources */ = {isa = PBXBuildFile; fileRef = D633E5E414684DDC00117B27 /* NSMemFilterWithoutOwners.m */; };
		D633E61014684DDC00117B27 /* NSMemFilterWithOwners.m in Sources */ = {isa = PBXBuildFile; fileRef = D633E5E614684DDC00117B27 /* NSMemFilterWithOwners.m */; };
		D633E61114684DDC00117B27 /* NSMemFilterWithOwnersLessThan.m in Sources */ = {isa = PBXBuildFile; fileRef = D633E5E814684DDC00117B27 /* NSMemFilterWithOwnersLessThan.m */; };
		D633E61414684DDC00117B27 /* NSMemCommandMarkHeap.m in Sources */ = {isa = PBXBuildFile; fileRef = D633E5EF14684DDC00117B27 /* NSMemCommandMarkHeap.m */; };
		D633E61514684DDC00117B27 /* NSMemCommandMarkHeapWithName.m in Sources */ = {isa = PBXBuildFile; fileRef = D633E5F114684DDC00117B27 /* NSMemCommandMarkHeapWithName.m */; };
		D633E61614684DDC00117B27 /* NSMemCommandPrint.m in Sources */ = {isa = PBXBuildFile; fileRef = D633E5F314684DDC00117B27 /* NSMemCommandPrint.m */; };
		D633E61714684DDC00117B27 /* NSMemCommandSaveGraph.m in Sources */ = {isa = PBXBuildFile; fileRef = D633E5F514684DDC00117B27 /* NSMemCommandSaveGraph.m */; };
		D633E61814684DDC00117B27 /* NSMemCommandShowHeaps.m in Sources */ = {isa = PBXBuildFile; fileRef = D633E5F714684DDC00117B27 /* NSMemCommandShowHeaps.m */; };
		D633E61A14684DDC00117B27 /* NSMemArgAll.m in Sources */ = {isa = PBXBuildFile; fileRef = D633E5FC14684DDC00117B27 /* NSMemArgAll.m */; };
		D633E61B14684DDC00117B27 /* NSMemArgDead.m in Sources */ = {isa = PBXBuildFile; fileRef = D633E5FE14684DDC00117B27 /* NSMemArgDead.m */; };
		D633E61C14684DDC00117B27 /* NSMemArgHeap.m in Sources */ = {isa = PBXBuildFile; fileRef = D633E60014684DDC00117B27 /* NSMemArgHeap.m */; };
		D633E61D14684DDC00117B27 /* NSMemArgLeaks.m in Sources */ = {isa = PBXBuildFile; fileRef = D633E60214684DDC00117B27 /* NSMemArgLeaks.m */; };
		D633E62F14684EED00117B27 /* NSMemCheckParser.m in Sources */ = {isa = PBXBuildFile; fileRef = D633E62114684EED00117B27 /* NSMemCheckParser.m */; };
		D633E63014684EED00117B27 /* NSArray+MemCheck.m in Sources */ = {isa = PBXBuildFile; fileRef = D633E62214684EED00117B27 /* NSArray+MemCheck.m */; };
		D633E63114684EED00117B27 /* NSObject+MemCheck.m in Sources */ = {isa = PBXBuildFile; fileRef = D633E62414684EED00117B27 /* NSObject+MemCheck.m */; };
		D633E63214684EED00117B27 /* NSMutableArray+MemCheck.m in Sources */ = {isa = PBXBuildFile; fileRef = D633E62614684EED00117B27 /* NSMutableArray+MemCheck.m */; };
		D633E63314684EED00117B27 /* NSMemCheckHeap.m in Sources */ = {isa = PBXBuildFile; fileRef = D633E62714684EED00117B27 /* NSMemCheckHeap.m */; };
		D633E63414684EED00117B27 /* NSMemCheckObject.m in Sources */ = {isa = PBXBuildFile; fileRef = D633E62A14684EED00117B27 /* NSMemCheckObject.m */; };
		D633E63514684EED00117B27 /* NSMemCheckDotSupport.m in Sources */ = {isa = PBXBuildFile; fileRef = D633E62B14684EED00117B27 /* NSMemCheckDotSupport.m */; };
/* End PBXBuildFile section */

/* Begin PBXFileReference section */
		1D30AB110D05D00D00671497 /* Foundation.framework */ = {isa = PBXFileReference; lastKnownFileType = wrapper.framework; name = Foundation.framework; path = System/Library/Frameworks/Foundation.framework; sourceTree = SDKROOT; };
		1D3623240D0F684500981E51 /* memCheckAppDelegate.h */ = {isa = PBXFileReference; fileEncoding = 4; lastKnownFileType = sourcecode.c.h; path = memCheckAppDelegate.h; sourceTree = "<group>"; };
		1D3623250D0F684500981E51 /* memCheckAppDelegate.m */ = {isa = PBXFileReference; fileEncoding = 4; lastKnownFileType = sourcecode.c.objc; path = memCheckAppDelegate.m; sourceTree = "<group>"; };
		1D6058910D05DD3D006BFB54 /* memCheck.app */ = {isa = PBXFileReference; explicitFileType = wrapper.application; includeInIndex = 0; path = memCheck.app; sourceTree = BUILT_PRODUCTS_DIR; };
		1DF5F4DF0D08C38300B7A737 /* UIKit.framework */ = {isa = PBXFileReference; lastKnownFileType = wrapper.framework; name = UIKit.framework; path = System/Library/Frameworks/UIKit.framework; sourceTree = SDKROOT; };
		288765A40DF7441C002DB57D /* CoreGraphics.framework */ = {isa = PBXFileReference; lastKnownFileType = wrapper.framework; name = CoreGraphics.framework; path = System/Library/Frameworks/CoreGraphics.framework; sourceTree = SDKROOT; };
		2899E5210DE3E06400AC0155 /* memCheckViewController.xib */ = {isa = PBXFileReference; lastKnownFileType = file.xib; path = memCheckViewController.xib; sourceTree = "<group>"; };
		28AD733E0D9D9553002E5188 /* MainWindow.xib */ = {isa = PBXFileReference; lastKnownFileType = file.xib; path = MainWindow.xib; sourceTree = "<group>"; };
		28D7ACF60DDB3853001CB0EB /* memCheckViewController.h */ = {isa = PBXFileReference; fileEncoding = 4; lastKnownFileType = sourcecode.c.h; path = memCheckViewController.h; sourceTree = "<group>"; };
		28D7ACF70DDB3853001CB0EB /* memCheckViewController.m */ = {isa = PBXFileReference; fileEncoding = 4; lastKnownFileType = sourcecode.c.objc; path = memCheckViewController.m; sourceTree = "<group>"; };
		29B97316FDCFA39411CA2CEA /* main.m */ = {isa = PBXFileReference; fileEncoding = 4; lastKnownFileType = sourcecode.c.objc; path = main.m; sourceTree = "<group>"; };
		32CA4F630368D1EE00C91783 /* memCheck_Prefix.pch */ = {isa = PBXFileReference; fileEncoding = 4; lastKnownFileType = sourcecode.c.h; path = memCheck_Prefix.pch; sourceTree = "<group>"; };
		8D1107310486CEB800E47090 /* memCheck-Info.plist */ = {isa = PBXFileReference; fileEncoding = 4; lastKnownFileType = text.plist.xml; path = "memCheck-Info.plist"; plistStructureDefinitionIdentifier = "com.apple.xcode.plist.structure-definition.iphone.info-plist"; sourceTree = "<group>"; };
		D633E5DB14684DDC00117B27 /* NSMemFilterHeap.h */ = {isa = PBXFileReference; fileEncoding = 4; lastKnownFileType = sourcecode.c.h; path = NSMemFilterHeap.h; sourceTree = "<group>"; };
		D633E5DC14684DDC00117B27 /* NSMemFilterHeap.m */ = {isa = PBXFileReference; fileEncoding = 4; lastKnownFileType = sourcecode.c.objc; path = NSMemFilterHeap.m; sourceTree = "<group>"; };
		D633E5DD14684DDC00117B27 /* NSMemFilterWithLiveOwners.h */ = {isa = PBXFileReference; fileEncoding = 4; lastKnownFileType = sourcecode.c.h; path = NSMemFilterWithLiveOwners.h; sourceTree = "<group>"; };
		D633E5DE14684DDC00117B27 /* NSMemFilterWithLiveOwners.m */ = {isa = PBXFileReference; fileEncoding = 4; lastKnownFileType = sourcecode.c.objc; path = NSMemFilterWithLiveOwners.m; sourceTree = "<group>"; };
		D633E5DF14684DDC00117B27 /* NSMemFilterWithout.h */ = {isa = PBXFileReference; fileEncoding = 4; lastKnownFileType = sourcecode.c.h; path = NSMemFilterWithout.h; sourceTree = "<group>"; };
		D633E5E014684DDC00117B27 /* NSMemFilterWithout.m */ = {isa = PBXFileReference; fileEncoding = 4; lastKnownFileType = sourcecode.c.objc; path = NSMemFilterWithout.m; sourceTree = "<group>"; };
		D633E5E114684DDC00117B27 /* NSMemFilterWithoutLiveOwners.h */ = {isa = PBXFileReference; fileEncoding = 4; lastKnownFileType = sourcecode.c.h; path = NSMemFilterWithoutLiveOwners.h; sourceTree = "<group>"; };
		D633E5E214684DDC00117B27 /* NSMemFilterWithoutLiveOwners.m */ = {isa = PBXFileReference; fileEncoding = 4; lastKnownFileType = sourcecode.c.objc; path = NSMemFilterWithoutLiveOwners.m; sourceTree = "<group>"; };
		D633E5E314684DDC00117B27 /* NSMemFilterWithoutOwners.h */ = {isa = PBXFileReference; fileEncoding = 4; lastKnownFileType = sourcecode.c.h; path = NSMemFilterWithoutOwners.h; sourceTree = "<group>"; };
		D633E5E414684DDC00117B27 /* NSMemFilterWithoutOwners.m */ = {isa = PBXFileReference; fileEncoding = 4; lastKnownFileType = sourcecode.c.objc; path = NSMemFilterWithoutOwners.m; sourceTree = "<group>"; };
		D633E5E514684DDC00117B27 /* NSMemFilterWithOwners.h */ = {isa = PBXFileReference; fileEncoding = 4; lastKnownFileType = sourcecode.c.h; path = NSMemFilterWithOwners.h; sourceTree = "<group>"; };
		D633E5E614684DDC00117B27 /* NSMemFilterWithOwners.m */ = {isa = PBXFileReference; fileEncoding = 4; lastKnownFileType = sourcecode.c.objc; path = NSMemFilterWithOwners.m; sourceTree = "<group>"; };
		D633E5E714684DDC00117B27 /* NSMemFilterWithOwnersLessThan.h */ = {isa = PBXFileReference; fileEncoding = 4; lastKnownFileType = sourcecode.c.h; path = NSMemFilterWithOwnersLessThan.h; sourceTree = "<group>"; };
		D633E5E814684DDC00117B27 /* NSMemFilterWithOwnersLessThan.m */ = {isa = PBXFileReference; fileEncoding = 4; lastKnownFileType = sourcecode.c.objc; path = NSMemFilterWithOwnersLessThan.m; sourceTree = "<group>"; };
		D633E5EE14684DDC00117B27 /* NSMemCommandMarkHeap.h */ = {isa = PBXFileReference; fileEncoding = 4; lastKnownFileType = sourcecode.c.h; path = NSMemCommandMarkHeap.h; sourceTree = "<group>"; };
		D633E5EF14684DDC00117B27 /* NSMemCommandMarkHeap.m */ = {isa = PBXFileReference; fileEncoding = 4; lastKnownFileType = sourcecode.c.objc; path = NSMemCommandMarkHeap.m; sourceTree = "<group>"; };
		D633E5F014684DDC00117B27 /* NSMemCommandMarkHeapWithName.h */ = {isa = PBXFileReference; fileEncoding = 4; lastKnownFileType = sourcecode.c.h; path = NSMemCommandMarkHeapWithName.h; sourceTree = "<group>"; };
		D633E5F114684DDC00117B27 /* NSMemCommandMarkHeapWithName.m */ = {isa = PBXFileReference; fileEncoding = 4; lastKnownFileType = sourcecode.c.objc; path = NSMemCommandMarkHeapWithName.m; sourceTree = "<group>"; };
		D633E5F214684DDC00117B27 /* NSMemCommandPrint.h */ = {isa = PBXFileReference; fileEncoding = 4; lastKnownFileType = sourcecode.c.h; path = NSMemCommandPrint.h; sourceTree = "<group>"; };
		D633E5F314684DDC00117B27 /* NSMemCommandPrint.m */ = {isa = PBXFileReference; fileEncoding = 4; lastKnownFileType = sourcecode.c.objc; path = NSMemCommandPrint.m; sourceTree = "<group>"; };
		D633E5F414684DDC00117B27 /* NSMemCommandSaveGraph.h */ = {isa = PBXFileReference; fileEncoding = 4; lastKnownFileType = sourcecode.c.h; path = NSMemCommandSaveGraph.h; sourceTree = "<group>"; };
		D633E5F514684DDC00117B27 /* NSMemCommandSaveGraph.m */ = {isa = PBXFileReference; fileEncoding = 4; lastKnownFileType = sourcecode.c.objc; path = NSMemCommandSaveGraph.m; sourceTree = "<group>"; };
		D633E5F614684DDC00117B27 /* NSMemCommandShowHeaps.h */ = {isa = PBXFileReference; fileEncoding = 4; lastKnownFileType = sourcecode.c.h; path = NSMemCommandShowHeaps.h; sourceTree = "<group>"; };
		D633E5F714684DDC00117B27 /* NSMemCommandShowHeaps.m */ = {isa = PBXFileReference; fileEncoding = 4; lastKnownFileType = sourcecode.c.objc; path = NSMemCommandShowHeaps.m; sourceTree = "<group>"; };
		D633E5FB14684DDC00117B27 /* NSMemArgAll.h */ = {isa = PBXFileReference; fileEncoding = 4; lastKnownFileType = sourcecode.c.h; path = NSMemArgAll.h; sourceTree = "<group>"; };
		D633E5FC14684DDC00117B27 /* NSMemArgAll.m */ = {isa = PBXFileReference; fileEncoding = 4; lastKnownFileType = sourcecode.c.objc; path = NSMemArgAll.m; sourceTree = "<group>"; };
		D633E5FD14684DDC00117B27 /* NSMemArgDead.h */ = {isa = PBXFileReference; fileEncoding = 4; lastKnownFileType = sourcecode.c.h; path = NSMemArgDead.h; sourceTree = "<group>"; };
		D633E5FE14684DDC00117B27 /* NSMemArgDead.m */ = {isa = PBXFileReference; fileEncoding = 4; lastKnownFileType = sourcecode.c.objc; path = NSMemArgDead.m; sourceTree = "<group>"; };
		D633E5FF14684DDC00117B27 /* NSMemArgHeap.h */ = {isa = PBXFileReference; fileEncoding = 4; lastKnownFileType = sourcecode.c.h; path = NSMemArgHeap.h; sourceTree = "<group>"; };
		D633E60014684DDC00117B27 /* NSMemArgHeap.m */ = {isa = PBXFileReference; fileEncoding = 4; lastKnownFileType = sourcecode.c.objc; path = NSMemArgHeap.m; sourceTree = "<group>"; };
		D633E60114684DDC00117B27 /* NSMemArgLeaks.h */ = {isa = PBXFileReference; fileEncoding = 4; lastKnownFileType = sourcecode.c.h; path = NSMemArgLeaks.h; sourceTree = "<group>"; };
		D633E60214684DDC00117B27 /* NSMemArgLeaks.m */ = {isa = PBXFileReference; fileEncoding = 4; lastKnownFileType = sourcecode.c.objc; path = NSMemArgLeaks.m; sourceTree = "<group>"; };
		D633E62114684EED00117B27 /* NSMemCheckParser.m */ = {isa = PBXFileReference; fileEncoding = 4; lastKnownFileType = sourcecode.c.objc; name = NSMemCheckParser.m; path = ../../news360iOS/News360iPhone.v2/trunk/News360iPhone/Libs/News360Core/News360Core/memoryCounter/NSMemCheckParser.m; sourceTree = "<group>"; };
		D633E62214684EED00117B27 /* NSArray+MemCheck.m */ = {isa = PBXFileReference; fileEncoding = 4; lastKnownFileType = sourcecode.c.objc; name = "NSArray+MemCheck.m"; path = "../../news360iOS/News360iPhone.v2/trunk/News360iPhone/Libs/News360Core/News360Core/memoryCounter/NSArray+MemCheck.m"; sourceTree = "<group>"; };
		D633E62314684EED00117B27 /* NSArray+MemCheck.h */ = {isa = PBXFileReference; fileEncoding = 4; lastKnownFileType = sourcecode.c.h; name = "NSArray+MemCheck.h"; path = "../../news360iOS/News360iPhone.v2/trunk/News360iPhone/Libs/News360Core/News360Core/memoryCounter/NSArray+MemCheck.h"; sourceTree = "<group>"; };
		D633E62414684EED00117B27 /* NSObject+MemCheck.m */ = {isa = PBXFileReference; fileEncoding = 4; lastKnownFileType = sourcecode.c.objc; name = "NSObject+MemCheck.m"; path = "../../news360iOS/News360iPhone.v2/trunk/News360iPhone/Libs/News360Core/News360Core/memoryCounter/NSObject+MemCheck.m"; sourceTree = "<group>"; };
		D633E62514684EED00117B27 /* NSMemCheckHeap.h */ = {isa = PBXFileReference; fileEncoding = 4; lastKnownFileType = sourcecode.c.h; name = NSMemCheckHeap.h; path = ../../news360iOS/News360iPhone.v2/trunk/News360iPhone/Libs/News360Core/News360Core/memoryCounter/NSMemCheckHeap.h; sourceTree = "<group>"; };
		D633E62614684EED00117B27 /* NSMutableArray+MemCheck.m */ = {isa = PBXFileReference; fileEncoding = 4; lastKnownFileType = sourcecode.c.objc; name = "NSMutableArray+MemCheck.m"; path = "../../news360iOS/News360iPhone.v2/trunk/News360iPhone/Libs/News360Core/News360Core/memoryCounter/NSMutableArray+MemCheck.m"; sourceTree = "<group>"; };
		D633E62714684EED00117B27 /* NSMemCheckHeap.m */ = {isa = PBXFileReference; fileEncoding = 4; lastKnownFileType = sourcecode.c.objc; name = NSMemCheckHeap.m; path = ../../news360iOS/News360iPhone.v2/trunk/News360iPhone/Libs/News360Core/News360Core/memoryCounter/NSMemCheckHeap.m; sourceTree = "<group>"; };
		D633E62814684EED00117B27 /* NSMutableArray+MemCheck.h */ = {isa = PBXFileReference; fileEncoding = 4; lastKnownFileType = sourcecode.c.h; name = "NSMutableArray+MemCheck.h"; path = "../../news360iOS/News360iPhone.v2/trunk/News360iPhone/Libs/News360Core/News360Core/memoryCounter/NSMutableArray+MemCheck.h"; sourceTree = "<group>"; };
		D633E62914684EED00117B27 /* NSMemCheckParser.h */ = {isa = PBXFileReference; fileEncoding = 4; lastKnownFileType = sourcecode.c.h; name = NSMemCheckParser.h; path = ../../news360iOS/News360iPhone.v2/trunk/News360iPhone/Libs/News360Core/News360Core/memoryCounter/NSMemCheckParser.h; sourceTree = "<group>"; };
		D633E62A14684EED00117B27 /* NSMemCheckObject.m */ = {isa = PBXFileReference; fileEncoding = 4; lastKnownFileType = sourcecode.c.objc; name = NSMemCheckObject.m; path = ../../news360iOS/News360iPhone.v2/trunk/News360iPhone/Libs/News360Core/News360Core/memoryCounter/NSMemCheckObject.m; sourceTree = "<group>"; };
		D633E62B14684EED00117B27 /* NSMemCheckDotSupport.m */ = {isa = PBXFileReference; fileEncoding = 4; lastKnownFileType = sourcecode.c.objc; name = NSMemCheckDotSupport.m; path = ../../news360iOS/News360iPhone.v2/trunk/News360iPhone/Libs/News360Core/News360Core/memoryCounter/NSMemCheckDotSupport.m; sourceTree = "<group>"; };
		D633E62C14684EED00117B27 /* NSMemCheckDotSupport.h */ = {isa = PBXFileReference; fileEncoding = 4; lastKnownFileType = sourcecode.c.h; name = NSMemCheckDotSupport.h; path = ../../news360iOS/News360iPhone.v2/trunk/News360iPhone/Libs/News360Core/News360Core/memoryCounter/NSMemCheckDotSupport.h; sourceTree = "<group>"; };
		D633E62D14684EED00117B27 /* NSMemCheckObject.h */ = {isa = PBXFileReference; fileEncoding = 4; lastKnownFileType = sourcecode.c.h; name = NSMemCheckObject.h; path = ../../news360iOS/News360iPhone.v2/trunk/News360iPhone/Libs/News360Core/News360Core/memoryCounter/NSMemCheckObject.h; sourceTree = "<group>"; };
		D633E62E14684EED00117B27 /* NSObject+MemCheck.h */ = {isa = PBXFileReference; fileEncoding = 4; lastKnownFileType = sourcecode.c.h; name = "NSObject+MemCheck.h"; path = "../../news360iOS/News360iPhone.v2/trunk/News360iPhone/Libs/News360Core/News360Core/memoryCounter/NSObject+MemCheck.h"; sourceTree = "<group>"; };
/* End PBXFileReference section */

/* Begin PBXFrameworksBuildPhase section */
		1D60588F0D05DD3D006BFB54 /* Frameworks */ = {
			isa = PBXFrameworksBuildPhase;
			buildActionMask = 2147483647;
			files = (
				1D60589F0D05DD5A006BFB54 /* Foundation.framework in Frameworks */,
				1DF5F4E00D08C38300B7A737 /* UIKit.framework in Frameworks */,
				288765A50DF7441C002DB57D /* CoreGraphics.framework in Frameworks */,
			);
			runOnlyForDeploymentPostprocessing = 0;
		};
/* End PBXFrameworksBuildPhase section */

/* Begin PBXGroup section */
		080E96DDFE201D6D7F000001 /* Classes */ = {
			isa = PBXGroup;
			children = (
				D633E62014684E6E00117B27 /* UI */,
				D633E5DA14684DDC00117B27 /* Filters */,
				D633E5ED14684DDC00117B27 /* Commands */,
				D633E5FA14684DDC00117B27 /* Arguments */,
				D633E62914684EED00117B27 /* NSMemCheckParser.h */,
				D633E62114684EED00117B27 /* NSMemCheckParser.m */,
				D633E62314684EED00117B27 /* NSArray+MemCheck.h */,
				D633E62214684EED00117B27 /* NSArray+MemCheck.m */,
				D633E62E14684EED00117B27 /* NSObject+MemCheck.h */,
				D633E62414684EED00117B27 /* NSObject+MemCheck.m */,
				D633E62514684EED00117B27 /* NSMemCheckHeap.h */,
				D633E62714684EED00117B27 /* NSMemCheckHeap.m */,
				D633E62814684EED00117B27 /* NSMutableArray+MemCheck.h */,
				D633E62614684EED00117B27 /* NSMutableArray+MemCheck.m */,
				D633E62D14684EED00117B27 /* NSMemCheckObject.h */,
				D633E62A14684EED00117B27 /* NSMemCheckObject.m */,
				D633E62C14684EED00117B27 /* NSMemCheckDotSupport.h */,
				D633E62B14684EED00117B27 /* NSMemCheckDotSupport.m */,
			);
			path = Classes;
			sourceTree = "<group>";
		};
		19C28FACFE9D520D11CA2CBB /* Products */ = {
			isa = PBXGroup;
			children = (
				1D6058910D05DD3D006BFB54 /* memCheck.app */,
			);
			name = Products;
			sourceTree = "<group>";
		};
		29B97314FDCFA39411CA2CEA /* CustomTemplate */ = {
			isa = PBXGroup;
			children = (
				080E96DDFE201D6D7F000001 /* Classes */,
				29B97315FDCFA39411CA2CEA /* Other Sources */,
				29B97317FDCFA39411CA2CEA /* Resources */,
				29B97323FDCFA39411CA2CEA /* Frameworks */,
				19C28FACFE9D520D11CA2CBB /* Products */,
			);
			name = CustomTemplate;
			sourceTree = "<group>";
		};
		29B97315FDCFA39411CA2CEA /* Other Sources */ = {
			isa = PBXGroup;
			children = (
				32CA4F630368D1EE00C91783 /* memCheck_Prefix.pch */,
				29B97316FDCFA39411CA2CEA /* main.m */,
			);
			name = "Other Sources";
			sourceTree = "<group>";
		};
		29B97317FDCFA39411CA2CEA /* Resources */ = {
			isa = PBXGroup;
			children = (
				2899E5210DE3E06400AC0155 /* memCheckViewController.xib */,
				28AD733E0D9D9553002E5188 /* MainWindow.xib */,
				8D1107310486CEB800E47090 /* memCheck-Info.plist */,
			);
			name = Resources;
			sourceTree = "<group>";
		};
		29B97323FDCFA39411CA2CEA /* Frameworks */ = {
			isa = PBXGroup;
			children = (
				1DF5F4DF0D08C38300B7A737 /* UIKit.framework */,
				1D30AB110D05D00D00671497 /* Foundation.framework */,
				288765A40DF7441C002DB57D /* CoreGraphics.framework */,
			);
			name = Frameworks;
			sourceTree = "<group>";
		};
		D633E5DA14684DDC00117B27 /* Filters */ = {
			isa = PBXGroup;
			children = (
				D633E5DB14684DDC00117B27 /* NSMemFilterHeap.h */,
				D633E5DC14684DDC00117B27 /* NSMemFilterHeap.m */,
				D633E5DD14684DDC00117B27 /* NSMemFilterWithLiveOwners.h */,
				D633E5DE14684DDC00117B27 /* NSMemFilterWithLiveOwners.m */,
				D633E5DF14684DDC00117B27 /* NSMemFilterWithout.h */,
				D633E5E014684DDC00117B27 /* NSMemFilterWithout.m */,
				D633E5E114684DDC00117B27 /* NSMemFilterWithoutLiveOwners.h */,
				D633E5E214684DDC00117B27 /* NSMemFilterWithoutLiveOwners.m */,
				D633E5E314684DDC00117B27 /* NSMemFilterWithoutOwners.h */,
				D633E5E414684DDC00117B27 /* NSMemFilterWithoutOwners.m */,
				D633E5E514684DDC00117B27 /* NSMemFilterWithOwners.h */,
				D633E5E614684DDC00117B27 /* NSMemFilterWithOwners.m */,
				D633E5E714684DDC00117B27 /* NSMemFilterWithOwnersLessThan.h */,
				D633E5E814684DDC00117B27 /* NSMemFilterWithOwnersLessThan.m */,
			);
			name = Filters;
			path = ../../news360iOS/News360iPhone.v2/trunk/News360iPhone/Libs/News360Core/News360Core/memoryCounter/Filters;
			sourceTree = "<group>";
		};
		D633E5ED14684DDC00117B27 /* Commands */ = {
			isa = PBXGroup;
			children = (
				D633E5EE14684DDC00117B27 /* NSMemCommandMarkHeap.h */,
				D633E5EF14684DDC00117B27 /* NSMemCommandMarkHeap.m */,
				D633E5F014684DDC00117B27 /* NSMemCommandMarkHeapWithName.h */,
				D633E5F114684DDC00117B27 /* NSMemCommandMarkHeapWithName.m */,
				D633E5F214684DDC00117B27 /* NSMemCommandPrint.h */,
				D633E5F314684DDC00117B27 /* NSMemCommandPrint.m */,
				D633E5F414684DDC00117B27 /* NSMemCommandSaveGraph.h */,
				D633E5F514684DDC00117B27 /* NSMemCommandSaveGraph.m */,
				D633E5F614684DDC00117B27 /* NSMemCommandShowHeaps.h */,
				D633E5F714684DDC00117B27 /* NSMemCommandShowHeaps.m */,
			);
			name = Commands;
			path = ../../news360iOS/News360iPhone.v2/trunk/News360iPhone/Libs/News360Core/News360Core/memoryCounter/Commands;
			sourceTree = "<group>";
		};
		D633E5FA14684DDC00117B27 /* Arguments */ = {
			isa = PBXGroup;
			children = (
				D633E5FB14684DDC00117B27 /* NSMemArgAll.h */,
				D633E5FC14684DDC00117B27 /* NSMemArgAll.m */,
				D633E5FD14684DDC00117B27 /* NSMemArgDead.h */,
				D633E5FE14684DDC00117B27 /* NSMemArgDead.m */,
				D633E5FF14684DDC00117B27 /* NSMemArgHeap.h */,
				D633E60014684DDC00117B27 /* NSMemArgHeap.m */,
				D633E60114684DDC00117B27 /* NSMemArgLeaks.h */,
				D633E60214684DDC00117B27 /* NSMemArgLeaks.m */,
			);
			name = Arguments;
			path = ../../news360iOS/News360iPhone.v2/trunk/News360iPhone/Libs/News360Core/News360Core/memoryCounter/Arguments;
			sourceTree = "<group>";
		};
		D633E62014684E6E00117B27 /* UI */ = {
			isa = PBXGroup;
			children = (
				1D3623240D0F684500981E51 /* memCheckAppDelegate.h */,
				1D3623250D0F684500981E51 /* memCheckAppDelegate.m */,
				28D7ACF60DDB3853001CB0EB /* memCheckViewController.h */,
				28D7ACF70DDB3853001CB0EB /* memCheckViewController.m */,
			);
			name = UI;
			sourceTree = "<group>";
		};
/* End PBXGroup section */

/* Begin PBXNativeTarget section */
		1D6058900D05DD3D006BFB54 /* memCheck */ = {
			isa = PBXNativeTarget;
			buildConfigurationList = 1D6058960D05DD3E006BFB54 /* Build configuration list for PBXNativeTarget "memCheck" */;
			buildPhases = (
				1D60588D0D05DD3D006BFB54 /* Resources */,
				1D60588E0D05DD3D006BFB54 /* Sources */,
				1D60588F0D05DD3D006BFB54 /* Frameworks */,
			);
			buildRules = (
			);
			dependencies = (
			);
			name = memCheck;
			productName = inFoundation;
			productReference = 1D6058910D05DD3D006BFB54 /* memCheck.app */;
			productType = "com.apple.product-type.application";
		};
/* End PBXNativeTarget section */

/* Begin PBXProject section */
		29B97313FDCFA39411CA2CEA /* Project object */ = {
			isa = PBXProject;
			buildConfigurationList = C01FCF4E08A954540054247B /* Build configuration list for PBXProject "memCheck" */;
			compatibilityVersion = "Xcode 3.1";
			developmentRegion = English;
			hasScannedForEncodings = 1;
			knownRegions = (
				English,
				Japanese,
				French,
				German,
			);
			mainGroup = 29B97314FDCFA39411CA2CEA /* CustomTemplate */;
			projectDirPath = "";
			projectRoot = "";
			targets = (
				1D6058900D05DD3D006BFB54 /* memCheck */,
			);
		};
/* End PBXProject section */

/* Begin PBXResourcesBuildPhase section */
		1D60588D0D05DD3D006BFB54 /* Resources */ = {
			isa = PBXResourcesBuildPhase;
			buildActionMask = 2147483647;
			files = (
				28AD733F0D9D9553002E5188 /* MainWindow.xib in Resources */,
				2899E5220DE3E06400AC0155 /* memCheckViewController.xib in Resources */,
			);
			runOnlyForDeploymentPostprocessing = 0;
		};
/* End PBXResourcesBuildPhase section */

/* Begin PBXSourcesBuildPhase section */
		1D60588E0D05DD3D006BFB54 /* Sources */ = {
			isa = PBXSourcesBuildPhase;
			buildActionMask = 2147483647;
			files = (
				1D60589B0D05DD56006BFB54 /* main.m in Sources */,
				1D3623260D0F684500981E51 /* memCheckAppDelegate.m in Sources */,
				28D7ACF80DDB3853001CB0EB /* memCheckViewController.m in Sources */,
				D633E60B14684DDC00117B27 /* NSMemFilterHeap.m in Sources */,
				D633E60C14684DDC00117B27 /* NSMemFilterWithLiveOwners.m in Sources */,
				D633E60D14684DDC00117B27 /* NSMemFilterWithout.m in Sources */,
				D633E60E14684DDC00117B27 /* NSMemFilterWithoutLiveOwners.m in Sources */,
				D633E60F14684DDC00117B27 /* NSMemFilterWithoutOwners.m in Sources */,
				D633E61014684DDC00117B27 /* NSMemFilterWithOwners.m in Sources */,
				D633E61114684DDC00117B27 /* NSMemFilterWithOwnersLessThan.m in Sources */,
				D633E61414684DDC00117B27 /* NSMemCommandMarkHeap.m in Sources */,
				D633E61514684DDC00117B27 /* NSMemCommandMarkHeapWithName.m in Sources */,
				D633E61614684DDC00117B27 /* NSMemCommandPrint.m in Sources */,
				D633E61714684DDC00117B27 /* NSMemCommandSaveGraph.m in Sources */,
				D633E61814684DDC00117B27 /* NSMemCommandShowHeaps.m in Sources */,
				D633E61A14684DDC00117B27 /* NSMemArgAll.m in Sources */,
				D633E61B14684DDC00117B27 /* NSMemArgDead.m in Sources */,
				D633E61C14684DDC00117B27 /* NSMemArgHeap.m in Sources */,
				D633E61D14684DDC00117B27 /* NSMemArgLeaks.m in Sources */,
				D633E62F14684EED00117B27 /* NSMemCheckParser.m in Sources */,
				D633E63014684EED00117B27 /* NSArray+MemCheck.m in Sources */,
				D633E63114684EED00117B27 /* NSObject+MemCheck.m in Sources */,
				D633E63214684EED00117B27 /* NSMutableArray+MemCheck.m in Sources */,
				D633E63314684EED00117B27 /* NSMemCheckHeap.m in Sources */,
				D633E63414684EED00117B27 /* NSMemCheckObject.m in Sources */,
				D633E63514684EED00117B27 /* NSMemCheckDotSupport.m in Sources */,
			);
			runOnlyForDeploymentPostprocessing = 0;
		};
/* End PBXSourcesBuildPhase section */

/* Begin XCBuildConfiguration section */
		1D6058940D05DD3E006BFB54 /* Debug */ = {
			isa = XCBuildConfiguration;
			buildSettings = {
				ALWAYS_SEARCH_USER_PATHS = NO;
				COPY_PHASE_STRIP = NO;
				GCC_DYNAMIC_NO_PIC = NO;
				GCC_OPTIMIZATION_LEVEL = 0;
				GCC_PRECOMPILE_PREFIX_HEADER = YES;
				GCC_PREFIX_HEADER = memCheck_Prefix.pch;
				GCC_VERSION = com.apple.compilers.llvm.clang.1_0;
				INFOPLIST_FILE = "memCheck-Info.plist";
				PRODUCT_NAME = memCheck;
			};
			name = Debug;
		};
		1D6058950D05DD3E006BFB54 /* Release */ = {
			isa = XCBuildConfiguration;
			buildSettings = {
				ALWAYS_SEARCH_USER_PATHS = NO;
				COPY_PHASE_STRIP = YES;
				GCC_PRECOMPILE_PREFIX_HEADER = YES;
				GCC_PREFIX_HEADER = memCheck_Prefix.pch;
				INFOPLIST_FILE = "memCheck-Info.plist";
				PRODUCT_NAME = inFoundation;
				VALIDATE_PRODUCT = YES;
			};
			name = Release;
		};
		C01FCF4F08A954540054247B /* Debug */ = {
			isa = XCBuildConfiguration;
			buildSettings = {
				ARCHS = "$(ARCHS_STANDARD_32_BIT)";
				"CODE_SIGN_IDENTITY[sdk=iphoneos*]" = "iPhone Developer";
				GCC_C_LANGUAGE_STANDARD = c99;
				GCC_WARN_ABOUT_RETURN_TYPE = YES;
				GCC_WARN_UNUSED_VARIABLE = YES;
				PREBINDING = NO;
				SDKROOT = iphoneos;
			};
			name = Debug;
		};
		C01FCF5008A954540054247B /* Release */ = {
			isa = XCBuildConfiguration;
			buildSettings = {
				ARCHS = "$(ARCHS_STANDARD_32_BIT)";
				"CODE_SIGN_IDENTITY[sdk=iphoneos*]" = "iPhone Developer";
				GCC_C_LANGUAGE_STANDARD = c99;
				GCC_WARN_ABOUT_RETURN_TYPE = YES;
				GCC_WARN_UNUSED_VARIABLE = YES;
				OTHER_CFLAGS = "-DNS_BLOCK_ASSERTIONS=1";
				PREBINDING = NO;
				SDKROOT = iphoneos;
			};
			name = Release;
		};
/* End XCBuildConfiguration section */

/* Begin XCConfigurationList section */
		1D6058960D05DD3E006BFB54 /* Build configuration list for PBXNativeTarget "memCheck" */ = {
			isa = XCConfigurationList;
			buildConfigurations = (
				1D6058940D05DD3E006BFB54 /* Debug */,
				1D6058950D05DD3E006BFB54 /* Release */,
			);
			defaultConfigurationIsVisible = 0;
			defaultConfigurationName = Release;
		};
		C01FCF4E08A954540054247B /* Build configuration list for PBXProject "memCheck" */ = {
			isa = XCConfigurationList;
			buildConfigurations = (
				C01FCF4F08A954540054247B /* Debug */,
				C01FCF5008A954540054247B /* Release */,
			);
			defaultConfigurationIsVisible = 0;
			defaultConfigurationName = Release;
		};
/* End XCConfigurationList section */
	};
	rootObject = 29B97313FDCFA39411CA2CEA /* Project object */;
}
